
Microsoft Visual Studio Solution File, Format Version 12.00
# Visual Studio Version 16
VisualStudioVersion = 16.0.31702.278
MinimumVisualStudioVersion = 10.0.40219.1
Project("{FAE04EC0-301F-11D3-BF4B-00C04F79EFBC}") = "Xadrez-Console", "Xadrez-Console.csproj", "{4CDE58C5-8066-427B-9DDB-46CC504CBF28}"
EndProject
Global
	GlobalSection(SolutionConfigurationPlatforms) = preSolution
		Debug|Any CPU = Debug|Any CPU
		Release|Any CPU = Release|Any CPU
	EndGlobalSection
	GlobalSection(ProjectConfigurationPlatforms) = postSolution
		{4CDE58C5-8066-427B-9DDB-46CC504CBF28}.Debug|Any CPU.ActiveCfg = Debug|Any CPU
		{4CDE58C5-8066-427B-9DDB-46CC504CBF28}.Debug|Any CPU.Build.0 = Debug|Any CPU
		{4CDE58C5-8066-427B-9DDB-46CC504CBF28}.Release|Any CPU.ActiveCfg = Release|Any CPU
		{4CDE58C5-8066-427B-9DDB-46CC504CBF28}.Release|Any CPU.Build.0 = Release|Any CPU
	EndGlobalSection
	GlobalSection(SolutionProperties) = preSolution
		HideSolutionNode = FALSE
	EndGlobalSection
	GlobalSection(ExtensibilityGlobals) = postSolution
		SolutionGuid = {DA98FF53-C278-4EF9-879E-77F404709DEE}
	EndGlobalSection
EndGlobal
